
Microsoft Visual Studio Solution File, Format Version 11.00
# Visual Studio 2010
Project("{FAE04EC0-301F-11D3-BF4B-00C04F79EFBC}") = "Marketing.UI.Controls", "Marketing.UI.Controls\Marketing.UI.Controls.csproj", "{F9694BFA-55F2-4B86-8D31-5B5A757045D9}"
EndProject
Project("{ECD6D718-D1CF-4119-97F3-97C25A0DFBF9}") = "Marketing.UI", "Marketing.UI\Marketing.UI.lsproj", "{919F7A6F-9472-474A-A3BA-85883D451C1C}"
EndProject
Project("{FAE04EC0-301F-11D3-BF4B-00C04F79EFBC}") = "Marketing.Services", "Marketing.Services\Marketing.Services.csproj", "{488493A3-BEE8-4EE2-9FFE-91E095AC63E2}"
EndProject
Project("{FAE04EC0-301F-11D3-BF4B-00C04F79EFBC}") = "LeadScraper.WorkflowActivities", "LeadScraper\LeadScraper.WorkflowActivities\LeadScraper.WorkflowActivities.csproj", "{D957BDC9-39AC-4D95-9179-17E1D23D69B2}"
EndProject
Project("{FAE04EC0-301F-11D3-BF4B-00C04F79EFBC}") = "LeadScraper.Utils", "LeadScraper\LeadScraper.Utils\LeadScraper.Utils.csproj", "{4E082787-CD7F-437D-B71A-A199B4925ABD}"
EndProject
Project("{FAE04EC0-301F-11D3-BF4B-00C04F79EFBC}") = "Marketing.Data", "Marketing.Data\Marketing.Data.csproj", "{71410B27-532E-439F-A8CB-EB27FBD19193}"
EndProject
Global
	GlobalSection(SolutionConfigurationPlatforms) = preSolution
		Debug|Any CPU = Debug|Any CPU
		Release|Any CPU = Release|Any CPU
	EndGlobalSection
	GlobalSection(ProjectDependencies) = postSolution
		{8D8E1E37-937D-44F9-BEBC-B5F8BDEEF737}.0 = {FCAF7E31-B5A2-40C8-9DCD-53BDDE44809B}
	EndGlobalSection
	GlobalSection(ProjectConfigurationPlatforms) = postSolution
		{F9694BFA-55F2-4B86-8D31-5B5A757045D9}.Debug|Any CPU.ActiveCfg = Debug|Any CPU
		{F9694BFA-55F2-4B86-8D31-5B5A757045D9}.Debug|Any CPU.Build.0 = Debug|Any CPU
		{F9694BFA-55F2-4B86-8D31-5B5A757045D9}.Release|Any CPU.ActiveCfg = Release|Any CPU
		{F9694BFA-55F2-4B86-8D31-5B5A757045D9}.Release|Any CPU.Build.0 = Release|Any CPU
		{919F7A6F-9472-474A-A3BA-85883D451C1C}.Debug|Any CPU.ActiveCfg = Debug|Any CPU
		{919F7A6F-9472-474A-A3BA-85883D451C1C}.Debug|Any CPU.Build.0 = Debug|Any CPU
		{919F7A6F-9472-474A-A3BA-85883D451C1C}.Release|Any CPU.ActiveCfg = Release|Any CPU
		{919F7A6F-9472-474A-A3BA-85883D451C1C}.Release|Any CPU.Build.0 = Release|Any CPU
		{488493A3-BEE8-4EE2-9FFE-91E095AC63E2}.Debug|Any CPU.ActiveCfg = Debug|Any CPU
		{488493A3-BEE8-4EE2-9FFE-91E095AC63E2}.Debug|Any CPU.Build.0 = Debug|Any CPU
		{488493A3-BEE8-4EE2-9FFE-91E095AC63E2}.Release|Any CPU.ActiveCfg = Release|Any CPU
		{488493A3-BEE8-4EE2-9FFE-91E095AC63E2}.Release|Any CPU.Build.0 = Release|Any CPU
		{64468C90-3E7F-4220-8F6B-D19E2C676693}.Debug|Any CPU.ActiveCfg = Debug|Any CPU
		{64468C90-3E7F-4220-8F6B-D19E2C676693}.Debug|Any CPU.Build.0 = Debug|Any CPU
		{64468C90-3E7F-4220-8F6B-D19E2C676693}.Release|Any CPU.ActiveCfg = Release|Any CPU
		{64468C90-3E7F-4220-8F6B-D19E2C676693}.Release|Any CPU.Build.0 = Release|Any CPU
		{0DA986B3-7A78-4003-B578-A2CBC8D140B9}.Debug|Any CPU.ActiveCfg = Debug|Any CPU
		{0DA986B3-7A78-4003-B578-A2CBC8D140B9}.Debug|Any CPU.Build.0 = Debug|Any CPU
		{0DA986B3-7A78-4003-B578-A2CBC8D140B9}.Release|Any CPU.ActiveCfg = Release|Any CPU
		{0DA986B3-7A78-4003-B578-A2CBC8D140B9}.Release|Any CPU.Build.0 = Release|Any CPU
		{FCAF7E31-B5A2-40C8-9DCD-53BDDE44809B}.Debug|Any CPU.ActiveCfg = Debug|Any CPU
		{FCAF7E31-B5A2-40C8-9DCD-53BDDE44809B}.Debug|Any CPU.Build.0 = Debug|Any CPU
		{FCAF7E31-B5A2-40C8-9DCD-53BDDE44809B}.Release|Any CPU.ActiveCfg = Release|Any CPU
		{FCAF7E31-B5A2-40C8-9DCD-53BDDE44809B}.Release|Any CPU.Build.0 = Release|Any CPU
		{8D8E1E37-937D-44F9-BEBC-B5F8BDEEF737}.Debug|Any CPU.ActiveCfg = Debug|Any CPU
		{8D8E1E37-937D-44F9-BEBC-B5F8BDEEF737}.Debug|Any CPU.Build.0 = Debug|Any CPU
		{8D8E1E37-937D-44F9-BEBC-B5F8BDEEF737}.Release|Any CPU.ActiveCfg = Release|Any CPU
		{8D8E1E37-937D-44F9-BEBC-B5F8BDEEF737}.Release|Any CPU.Build.0 = Release|Any CPU
		{360252DA-4021-4567-830E-9C6DCBC38C43}.Debug|Any CPU.ActiveCfg = Debug|Any CPU
		{360252DA-4021-4567-830E-9C6DCBC38C43}.Debug|Any CPU.Build.0 = Debug|Any CPU
		{360252DA-4021-4567-830E-9C6DCBC38C43}.Release|Any CPU.ActiveCfg = Release|Any CPU
		{360252DA-4021-4567-830E-9C6DCBC38C43}.Release|Any CPU.Build.0 = Release|Any CPU
		{D957BDC9-39AC-4D95-9179-17E1D23D69B2}.Debug|Any CPU.ActiveCfg = Debug|Any CPU
		{D957BDC9-39AC-4D95-9179-17E1D23D69B2}.Debug|Any CPU.Build.0 = Debug|Any CPU
		{D957BDC9-39AC-4D95-9179-17E1D23D69B2}.Release|Any CPU.ActiveCfg = Release|Any CPU
		{D957BDC9-39AC-4D95-9179-17E1D23D69B2}.Release|Any CPU.Build.0 = Release|Any CPU
		{4E082787-CD7F-437D-B71A-A199B4925ABD}.Debug|Any CPU.ActiveCfg = Debug|Any CPU
		{4E082787-CD7F-437D-B71A-A199B4925ABD}.Debug|Any CPU.Build.0 = Debug|Any CPU
		{4E082787-CD7F-437D-B71A-A199B4925ABD}.Release|Any CPU.ActiveCfg = Release|Any CPU
		{4E082787-CD7F-437D-B71A-A199B4925ABD}.Release|Any CPU.Build.0 = Release|Any CPU
		{71410B27-532E-439F-A8CB-EB27FBD19193}.Debug|Any CPU.ActiveCfg = Debug|Any CPU
		{71410B27-532E-439F-A8CB-EB27FBD19193}.Debug|Any CPU.Build.0 = Debug|Any CPU
		{71410B27-532E-439F-A8CB-EB27FBD19193}.Release|Any CPU.ActiveCfg = Release|Any CPU
		{71410B27-532E-439F-A8CB-EB27FBD19193}.Release|Any CPU.Build.0 = Release|Any CPU
	EndGlobalSection
	GlobalSection(SolutionProperties) = preSolution
		HideSolutionNode = FALSE
	EndGlobalSection
EndGlobal
