
Microsoft Visual Studio Solution File, Format Version 11.00
# Visual Studio 2010
Project("{FAE04EC0-301F-11D3-BF4B-00C04F79EFBC}") = "Marketing.UI.Controls", "Marketing.UI.Controls\Marketing.UI.Controls.csproj", "{F9694BFA-55F2-4B86-8D31-5B5A757045D9}"
EndProject
Project("{ECD6D718-D1CF-4119-97F3-97C25A0DFBF9}") = "Marketing.CraigslistScraper", "Marketing.CraigslistScraper\Marketing.CraigslistScraper.lsproj", "{AF5C1313-1997-4206-ABDD-ECAEAFC0CA26}"
EndProject
Project("{FAE04EC0-301F-11D3-BF4B-00C04F79EFBC}") = "Marketing.Data", "Marketing.Data\Marketing.Data.csproj", "{71410B27-532E-439F-A8CB-EB27FBD19193}"
EndProject
Project("{FAE04EC0-301F-11D3-BF4B-00C04F79EFBC}") = "Marketing.Services", "Marketing.Services\Marketing.Services.csproj", "{488493A3-BEE8-4EE2-9FFE-91E095AC63E2}"
EndProject
Project("{FAE04EC0-301F-11D3-BF4B-00C04F79EFBC}") = "Marketing.WorkflowActivities", "Marketing.WorkflowActivities\Marketing.WorkflowActivities.csproj", "{53864F10-0A6F-4DCB-9539-F300D3CA9F88}"
EndProject
Project("{FAE04EC0-301F-11D3-BF4B-00C04F79EFBC}") = "Marketing.Tests", "Marketing.Tests\Marketing.Tests.csproj", "{EA8780D2-FF3A-45B5-AFBB-FA415B9E1000}"
EndProject
Project("{2150E333-8FDC-42A3-9474-1A3956D46DE8}") = "Solution Items", "Solution Items", "{C7D26A03-27A4-489C-9AC5-679E1182858D}"
	ProjectSection(SolutionItems) = preProject
		Local.testsettings = Local.testsettings
		Marketing.vsmdi = Marketing.vsmdi
		TraceAndTestImpact.testsettings = TraceAndTestImpact.testsettings
	EndProjectSection
EndProject
Project("{FAE04EC0-301F-11D3-BF4B-00C04F79EFBC}") = "Marketing.Utils", "Marketing.Utils\Marketing.Utils.csproj", "{913FE413-0156-44E9-BC06-F04BFA44C2C7}"
EndProject
Global
	GlobalSection(TestCaseManagementSettings) = postSolution
		CategoryFile = Marketing.vsmdi
	EndGlobalSection
	GlobalSection(SolutionConfigurationPlatforms) = preSolution
		Debug|Any CPU = Debug|Any CPU
		Release|Any CPU = Release|Any CPU
	EndGlobalSection
	GlobalSection(ProjectConfigurationPlatforms) = postSolution
		{F9694BFA-55F2-4B86-8D31-5B5A757045D9}.Debug|Any CPU.ActiveCfg = Debug|Any CPU
		{F9694BFA-55F2-4B86-8D31-5B5A757045D9}.Debug|Any CPU.Build.0 = Debug|Any CPU
		{F9694BFA-55F2-4B86-8D31-5B5A757045D9}.Release|Any CPU.ActiveCfg = Release|Any CPU
		{F9694BFA-55F2-4B86-8D31-5B5A757045D9}.Release|Any CPU.Build.0 = Release|Any CPU
		{AF5C1313-1997-4206-ABDD-ECAEAFC0CA26}.Debug|Any CPU.ActiveCfg = Debug|Any CPU
		{AF5C1313-1997-4206-ABDD-ECAEAFC0CA26}.Debug|Any CPU.Build.0 = Debug|Any CPU
		{AF5C1313-1997-4206-ABDD-ECAEAFC0CA26}.Release|Any CPU.ActiveCfg = Release|Any CPU
		{AF5C1313-1997-4206-ABDD-ECAEAFC0CA26}.Release|Any CPU.Build.0 = Release|Any CPU
		{71410B27-532E-439F-A8CB-EB27FBD19193}.Debug|Any CPU.ActiveCfg = Debug|Any CPU
		{71410B27-532E-439F-A8CB-EB27FBD19193}.Debug|Any CPU.Build.0 = Debug|Any CPU
		{71410B27-532E-439F-A8CB-EB27FBD19193}.Release|Any CPU.ActiveCfg = Release|Any CPU
		{71410B27-532E-439F-A8CB-EB27FBD19193}.Release|Any CPU.Build.0 = Release|Any CPU
		{488493A3-BEE8-4EE2-9FFE-91E095AC63E2}.Debug|Any CPU.ActiveCfg = Debug|Any CPU
		{488493A3-BEE8-4EE2-9FFE-91E095AC63E2}.Debug|Any CPU.Build.0 = Debug|Any CPU
		{488493A3-BEE8-4EE2-9FFE-91E095AC63E2}.Release|Any CPU.ActiveCfg = Release|Any CPU
		{488493A3-BEE8-4EE2-9FFE-91E095AC63E2}.Release|Any CPU.Build.0 = Release|Any CPU
		{150B81BE-6D59-4198-9175-0BE8E74A203E}.Debug|Any CPU.ActiveCfg = Debug|Any CPU
		{150B81BE-6D59-4198-9175-0BE8E74A203E}.Debug|Any CPU.Build.0 = Debug|Any CPU
		{150B81BE-6D59-4198-9175-0BE8E74A203E}.Release|Any CPU.ActiveCfg = Release|Any CPU
		{150B81BE-6D59-4198-9175-0BE8E74A203E}.Release|Any CPU.Build.0 = Release|Any CPU
		{59A565C4-C365-4D9C-BA2B-EBD48CD78F17}.Debug|Any CPU.ActiveCfg = Debug|Any CPU
		{59A565C4-C365-4D9C-BA2B-EBD48CD78F17}.Debug|Any CPU.Build.0 = Debug|Any CPU
		{59A565C4-C365-4D9C-BA2B-EBD48CD78F17}.Release|Any CPU.ActiveCfg = Release|Any CPU
		{59A565C4-C365-4D9C-BA2B-EBD48CD78F17}.Release|Any CPU.Build.0 = Release|Any CPU
		{937F82DC-3C20-499D-88FC-425AA5041A10}.Debug|Any CPU.ActiveCfg = Debug|Any CPU
		{937F82DC-3C20-499D-88FC-425AA5041A10}.Debug|Any CPU.Build.0 = Debug|Any CPU
		{937F82DC-3C20-499D-88FC-425AA5041A10}.Release|Any CPU.ActiveCfg = Release|Any CPU
		{937F82DC-3C20-499D-88FC-425AA5041A10}.Release|Any CPU.Build.0 = Release|Any CPU
		{5D8CC327-983A-4476-ACFD-A6DE89CE36CA}.Debug|Any CPU.ActiveCfg = Debug|Any CPU
		{5D8CC327-983A-4476-ACFD-A6DE89CE36CA}.Debug|Any CPU.Build.0 = Debug|Any CPU
		{5D8CC327-983A-4476-ACFD-A6DE89CE36CA}.Release|Any CPU.ActiveCfg = Release|Any CPU
		{5D8CC327-983A-4476-ACFD-A6DE89CE36CA}.Release|Any CPU.Build.0 = Release|Any CPU
		{CA7B0F2F-EBB2-4ACB-99C6-3B9DC41CEBDE}.Debug|Any CPU.ActiveCfg = Debug|Any CPU
		{CA7B0F2F-EBB2-4ACB-99C6-3B9DC41CEBDE}.Debug|Any CPU.Build.0 = Debug|Any CPU
		{CA7B0F2F-EBB2-4ACB-99C6-3B9DC41CEBDE}.Release|Any CPU.ActiveCfg = Release|Any CPU
		{CA7B0F2F-EBB2-4ACB-99C6-3B9DC41CEBDE}.Release|Any CPU.Build.0 = Release|Any CPU
		{53864F10-0A6F-4DCB-9539-F300D3CA9F88}.Debug|Any CPU.ActiveCfg = Debug|Any CPU
		{53864F10-0A6F-4DCB-9539-F300D3CA9F88}.Debug|Any CPU.Build.0 = Debug|Any CPU
		{53864F10-0A6F-4DCB-9539-F300D3CA9F88}.Release|Any CPU.ActiveCfg = Release|Any CPU
		{53864F10-0A6F-4DCB-9539-F300D3CA9F88}.Release|Any CPU.Build.0 = Release|Any CPU
		{EA8780D2-FF3A-45B5-AFBB-FA415B9E1000}.Debug|Any CPU.ActiveCfg = Debug|Any CPU
		{EA8780D2-FF3A-45B5-AFBB-FA415B9E1000}.Debug|Any CPU.Build.0 = Debug|Any CPU
		{EA8780D2-FF3A-45B5-AFBB-FA415B9E1000}.Release|Any CPU.ActiveCfg = Release|Any CPU
		{EA8780D2-FF3A-45B5-AFBB-FA415B9E1000}.Release|Any CPU.Build.0 = Release|Any CPU
		{913FE413-0156-44E9-BC06-F04BFA44C2C7}.Debug|Any CPU.ActiveCfg = Debug|Any CPU
		{913FE413-0156-44E9-BC06-F04BFA44C2C7}.Debug|Any CPU.Build.0 = Debug|Any CPU
		{913FE413-0156-44E9-BC06-F04BFA44C2C7}.Release|Any CPU.ActiveCfg = Release|Any CPU
		{913FE413-0156-44E9-BC06-F04BFA44C2C7}.Release|Any CPU.Build.0 = Release|Any CPU
	EndGlobalSection
	GlobalSection(SolutionProperties) = preSolution
		HideSolutionNode = FALSE
	EndGlobalSection
EndGlobal
